// !$*UTF8*$!
{
	archiveVersion = 1;
	classes = {
	};
	objectVersion = 46;
	objects = {

/* Begin PBXBuildFile section */
		1603713D21052C6800393AD9 /* window_shopperTests.swift in Sources */ = {isa = PBXBuildFile; fileRef = 1603713C21052C6800393AD9 /* window_shopperTests.swift */; };
		1603714621052CF600393AD9 /* wages.swift in Sources */ = {isa = PBXBuildFile; fileRef = 1603714521052CF600393AD9 /* wages.swift */; };
		1603714721052E8B00393AD9 /* wages.swift in Sources */ = {isa = PBXBuildFile; fileRef = 1603714521052CF600393AD9 /* wages.swift */; };
		1643554F2105052E002BD77F /* AppDelegate.swift in Sources */ = {isa = PBXBuildFile; fileRef = 1643554E2105052E002BD77F /* AppDelegate.swift */; };
		164355512105052E002BD77F /* ViewController.swift in Sources */ = {isa = PBXBuildFile; fileRef = 164355502105052E002BD77F /* ViewController.swift */; };
		164355542105052E002BD77F /* Main.storyboard in Resources */ = {isa = PBXBuildFile; fileRef = 164355522105052E002BD77F /* Main.storyboard */; };
		164355562105052E002BD77F /* Assets.xcassets in Resources */ = {isa = PBXBuildFile; fileRef = 164355552105052E002BD77F /* Assets.xcassets */; };
		164355592105052E002BD77F /* LaunchScreen.storyboard in Resources */ = {isa = PBXBuildFile; fileRef = 164355572105052E002BD77F /* LaunchScreen.storyboard */; };
		164355632105118D002BD77F /* CurrencyTextField.swift in Sources */ = {isa = PBXBuildFile; fileRef = 164355622105118D002BD77F /* CurrencyTextField.swift */; };
/* End PBXBuildFile section */

/* Begin PBXContainerItemProxy section */
		1603713F21052C6800393AD9 /* PBXContainerItemProxy */ = {
			isa = PBXContainerItemProxy;
			containerPortal = 164355432105052E002BD77F /* Project object */;
			proxyType = 1;
			remoteGlobalIDString = 1643554A2105052E002BD77F;
			remoteInfo = "window-shopper";
		};
/* End PBXContainerItemProxy section */

/* Begin PBXFileReference section */
		1603713A21052C6800393AD9 /* window-shopperTests.xctest */ = {isa = PBXFileReference; explicitFileType = wrapper.cfbundle; includeInIndex = 0; path = "window-shopperTests.xctest"; sourceTree = BUILT_PRODUCTS_DIR; };
		1603713C21052C6800393AD9 /* window_shopperTests.swift */ = {isa = PBXFileReference; lastKnownFileType = sourcecode.swift; path = window_shopperTests.swift; sourceTree = "<group>"; };
		1603713E21052C6800393AD9 /* Info.plist */ = {isa = PBXFileReference; lastKnownFileType = text.plist.xml; path = Info.plist; sourceTree = "<group>"; };
		1603714521052CF600393AD9 /* wages.swift */ = {isa = PBXFileReference; fileEncoding = 4; lastKnownFileType = sourcecode.swift; path = wages.swift; sourceTree = "<group>"; };
		1643554B2105052E002BD77F /* window-shopper.app */ = {isa = PBXFileReference; explicitFileType = wrapper.application; includeInIndex = 0; path = "window-shopper.app"; sourceTree = BUILT_PRODUCTS_DIR; };
		1643554E2105052E002BD77F /* AppDelegate.swift */ = {isa = PBXFileReference; lastKnownFileType = sourcecode.swift; path = AppDelegate.swift; sourceTree = "<group>"; };
		164355502105052E002BD77F /* ViewController.swift */ = {isa = PBXFileReference; lastKnownFileType = sourcecode.swift; path = ViewController.swift; sourceTree = "<group>"; };
		164355532105052E002BD77F /* Base */ = {isa = PBXFileReference; lastKnownFileType = file.storyboard; name = Base; path = Base.lproj/Main.storyboard; sourceTree = "<group>"; };
		164355552105052E002BD77F /* Assets.xcassets */ = {isa = PBXFileReference; lastKnownFileType = folder.assetcatalog; path = Assets.xcassets; sourceTree = "<group>"; };
		164355582105052E002BD77F /* Base */ = {isa = PBXFileReference; lastKnownFileType = file.storyboard; name = Base; path = Base.lproj/LaunchScreen.storyboard; sourceTree = "<group>"; };
		1643555A2105052E002BD77F /* Info.plist */ = {isa = PBXFileReference; lastKnownFileType = text.plist.xml; path = Info.plist; sourceTree = "<group>"; };
		164355622105118D002BD77F /* CurrencyTextField.swift */ = {isa = PBXFileReference; fileEncoding = 4; lastKnownFileType = sourcecode.swift; path = CurrencyTextField.swift; sourceTree = "<group>"; };
/* End PBXFileReference section */

/* Begin PBXFrameworksBuildPhase section */
		1603713721052C6800393AD9 /* Frameworks */ = {
			isa = PBXFrameworksBuildPhase;
			buildActionMask = 2147483647;
			files = (
			);
			runOnlyForDeploymentPostprocessing = 0;
		};
		164355482105052E002BD77F /* Frameworks */ = {
			isa = PBXFrameworksBuildPhase;
			buildActionMask = 2147483647;
			files = (
			);
			runOnlyForDeploymentPostprocessing = 0;
		};
/* End PBXFrameworksBuildPhase section */

/* Begin PBXGroup section */
		1603713B21052C6800393AD9 /* window-shopperTests */ = {
			isa = PBXGroup;
			children = (
				1603713C21052C6800393AD9 /* window_shopperTests.swift */,
				1603713E21052C6800393AD9 /* Info.plist */,
			);
			path = "window-shopperTests";
			sourceTree = "<group>";
		};
		1603714421052CD400393AD9 /* models */ = {
			isa = PBXGroup;
			children = (
				1603714521052CF600393AD9 /* wages.swift */,
			);
			name = models;
			sourceTree = "<group>";
		};
		164355422105052E002BD77F = {
			isa = PBXGroup;
			children = (
				1643554D2105052E002BD77F /* window-shopper */,
				1603713B21052C6800393AD9 /* window-shopperTests */,
				1643554C2105052E002BD77F /* Products */,
			);
			sourceTree = "<group>";
		};
		1643554C2105052E002BD77F /* Products */ = {
			isa = PBXGroup;
			children = (
				1643554B2105052E002BD77F /* window-shopper.app */,
				1603713A21052C6800393AD9 /* window-shopperTests.xctest */,
			);
			name = Products;
			sourceTree = "<group>";
		};
		1643554D2105052E002BD77F /* window-shopper */ = {
			isa = PBXGroup;
			children = (
				1603714421052CD400393AD9 /* models */,
				164355612105113B002BD77F /* views */,
				164355602105062D002BD77F /* controllers */,
				1643554E2105052E002BD77F /* AppDelegate.swift */,
				164355522105052E002BD77F /* Main.storyboard */,
				164355552105052E002BD77F /* Assets.xcassets */,
				164355572105052E002BD77F /* LaunchScreen.storyboard */,
				1643555A2105052E002BD77F /* Info.plist */,
			);
			path = "window-shopper";
			sourceTree = "<group>";
		};
		164355602105062D002BD77F /* controllers */ = {
			isa = PBXGroup;
			children = (
				164355502105052E002BD77F /* ViewController.swift */,
			);
			name = controllers;
			sourceTree = "<group>";
		};
		164355612105113B002BD77F /* views */ = {
			isa = PBXGroup;
			children = (
				164355622105118D002BD77F /* CurrencyTextField.swift */,
			);
			name = views;
			sourceTree = "<group>";
		};
/* End PBXGroup section */

/* Begin PBXNativeTarget section */
		1603713921052C6800393AD9 /* window-shopperTests */ = {
			isa = PBXNativeTarget;
			buildConfigurationList = 1603714321052C6800393AD9 /* Build configuration list for PBXNativeTarget "window-shopperTests" */;
			buildPhases = (
				1603713621052C6800393AD9 /* Sources */,
				1603713721052C6800393AD9 /* Frameworks */,
				1603713821052C6800393AD9 /* Resources */,
			);
			buildRules = (
			);
			dependencies = (
				1603714021052C6800393AD9 /* PBXTargetDependency */,
			);
			name = "window-shopperTests";
			productName = "window-shopperTests";
			productReference = 1603713A21052C6800393AD9 /* window-shopperTests.xctest */;
			productType = "com.apple.product-type.bundle.unit-test";
		};
		1643554A2105052E002BD77F /* window-shopper */ = {
			isa = PBXNativeTarget;
			buildConfigurationList = 1643555D2105052E002BD77F /* Build configuration list for PBXNativeTarget "window-shopper" */;
			buildPhases = (
				164355472105052E002BD77F /* Sources */,
				164355482105052E002BD77F /* Frameworks */,
				164355492105052E002BD77F /* Resources */,
			);
			buildRules = (
			);
			dependencies = (
			);
			name = "window-shopper";
			productName = "window-shopper";
			productReference = 1643554B2105052E002BD77F /* window-shopper.app */;
			productType = "com.apple.product-type.application";
		};
/* End PBXNativeTarget section */

/* Begin PBXProject section */
		164355432105052E002BD77F /* Project object */ = {
			isa = PBXProject;
			attributes = {
				LastSwiftUpdateCheck = 0830;
				LastUpgradeCheck = 0830;
				ORGANIZATIONNAME = "Sayed Abdo";
				TargetAttributes = {
					1603713921052C6800393AD9 = {
						CreatedOnToolsVersion = 8.3.3;
						ProvisioningStyle = Automatic;
						TestTargetID = 1643554A2105052E002BD77F;
					};
					1643554A2105052E002BD77F = {
						CreatedOnToolsVersion = 8.3.3;
						ProvisioningStyle = Automatic;
					};
				};
			};
			buildConfigurationList = 164355462105052E002BD77F /* Build configuration list for PBXProject "window-shopper" */;
			compatibilityVersion = "Xcode 3.2";
			developmentRegion = English;
			hasScannedForEncodings = 0;
			knownRegions = (
				en,
				Base,
			);
			mainGroup = 164355422105052E002BD77F;
			productRefGroup = 1643554C2105052E002BD77F /* Products */;
			projectDirPath = "";
			projectRoot = "";
			targets = (
				1643554A2105052E002BD77F /* window-shopper */,
				1603713921052C6800393AD9 /* window-shopperTests */,
			);
		};
/* End PBXProject section */

/* Begin PBXResourcesBuildPhase section */
		1603713821052C6800393AD9 /* Resources */ = {
			isa = PBXResourcesBuildPhase;
			buildActionMask = 2147483647;
			files = (
			);
			runOnlyForDeploymentPostprocessing = 0;
		};
		164355492105052E002BD77F /* Resources */ = {
			isa = PBXResourcesBuildPhase;
			buildActionMask = 2147483647;
			files = (
				164355592105052E002BD77F /* LaunchScreen.storyboard in Resources */,
				164355562105052E002BD77F /* Assets.xcassets in Resources */,
				164355542105052E002BD77F /* Main.storyboard in Resources */,
			);
			runOnlyForDeploymentPostprocessing = 0;
		};
/* End PBXResourcesBuildPhase section */

/* Begin PBXSourcesBuildPhase section */
		1603713621052C6800393AD9 /* Sources */ = {
			isa = PBXSourcesBuildPhase;
			buildActionMask = 2147483647;
			files = (
				1603713D21052C6800393AD9 /* window_shopperTests.swift in Sources */,
				1603714721052E8B00393AD9 /* wages.swift in Sources */,
			);
			runOnlyForDeploymentPostprocessing = 0;
		};
		164355472105052E002BD77F /* Sources */ = {
			isa = PBXSourcesBuildPhase;
			buildActionMask = 2147483647;
			files = (
				164355632105118D002BD77F /* CurrencyTextField.swift in Sources */,
				1603714621052CF600393AD9 /* wages.swift in Sources */,
				164355512105052E002BD77F /* ViewController.swift in Sources */,
				1643554F2105052E002BD77F /* AppDelegate.swift in Sources */,
			);
			runOnlyForDeploymentPostprocessing = 0;
		};
/* End PBXSourcesBuildPhase section */

/* Begin PBXTargetDependency section */
		1603714021052C6800393AD9 /* PBXTargetDependency */ = {
			isa = PBXTargetDependency;
			target = 1643554A2105052E002BD77F /* window-shopper */;
			targetProxy = 1603713F21052C6800393AD9 /* PBXContainerItemProxy */;
		};
/* End PBXTargetDependency section */

/* Begin PBXVariantGroup section */
		164355522105052E002BD77F /* Main.storyboard */ = {
			isa = PBXVariantGroup;
			children = (
				164355532105052E002BD77F /* Base */,
			);
			name = Main.storyboard;
			sourceTree = "<group>";
		};
		164355572105052E002BD77F /* LaunchScreen.storyboard */ = {
			isa = PBXVariantGroup;
			children = (
				164355582105052E002BD77F /* Base */,
			);
			name = LaunchScreen.storyboard;
			sourceTree = "<group>";
		};
/* End PBXVariantGroup section */

/* Begin XCBuildConfiguration section */
		1603714121052C6800393AD9 /* Debug */ = {
			isa = XCBuildConfiguration;
			buildSettings = {
				BUNDLE_LOADER = "$(TEST_HOST)";
				INFOPLIST_FILE = "window-shopperTests/Info.plist";
				LD_RUNPATH_SEARCH_PATHS = "$(inherited) @executable_path/Frameworks @loader_path/Frameworks";
				PRODUCT_BUNDLE_IDENTIFIER = "iti.window-shopperTests";
				PRODUCT_NAME = "$(TARGET_NAME)";
				SWIFT_VERSION = 3.0;
				TEST_HOST = "$(BUILT_PRODUCTS_DIR)/window-shopper.app/window-shopper";
			};
			name = Debug;
		};
		1603714221052C6800393AD9 /* Release */ = {
			isa = XCBuildConfiguration;
			buildSettings = {
				BUNDLE_LOADER = "$(TEST_HOST)";
				INFOPLIST_FILE = "window-shopperTests/Info.plist";
				LD_RUNPATH_SEARCH_PATHS = "$(inherited) @executable_path/Frameworks @loader_path/Frameworks";
				PRODUCT_BUNDLE_IDENTIFIER = "iti.window-shopperTests";
				PRODUCT_NAME = "$(TARGET_NAME)";
				SWIFT_VERSION = 3.0;
				TEST_HOST = "$(BUILT_PRODUCTS_DIR)/window-shopper.app/window-shopper";
			};
			name = Release;
		};
		1643555B2105052E002BD77F /* Debug */ = {
			isa = XCBuildConfiguration;
			buildSettings = {
				ALWAYS_SEARCH_USER_PATHS = NO;
				CLANG_ANALYZER_NONNULL = YES;
				CLANG_ANALYZER_NUMBER_OBJECT_CONVERSION = YES_AGGRESSIVE;
				CLANG_CXX_LANGUAGE_STANDARD = "gnu++0x";
				CLANG_CXX_LIBRARY = "libc++";
				CLANG_ENABLE_MODULES = YES;
				CLANG_ENABLE_OBJC_ARC = YES;
				CLANG_WARN_BOOL_CONVERSION = YES;
				CLANG_WARN_CONSTANT_CONVERSION = YES;
				CLANG_WARN_DIRECT_OBJC_ISA_USAGE = YES_ERROR;
				CLANG_WARN_DOCUMENTATION_COMMENTS = YES;
				CLANG_WARN_EMPTY_BODY = YES;
				CLANG_WARN_ENUM_CONVERSION = YES;
				CLANG_WARN_INFINITE_RECURSION = YES;
				CLANG_WARN_INT_CONVERSION = YES;
				CLANG_WARN_OBJC_ROOT_CLASS = YES_ERROR;
				CLANG_WARN_SUSPICIOUS_MOVE = YES;
				CLANG_WARN_UNREACHABLE_CODE = YES;
				CLANG_WARN__DUPLICATE_METHOD_MATCH = YES;
				"CODE_SIGN_IDENTITY[sdk=iphoneos*]" = "iPhone Developer";
				COPY_PHASE_STRIP = NO;
				DEBUG_INFORMATION_FORMAT = dwarf;
				ENABLE_STRICT_OBJC_MSGSEND = YES;
				ENABLE_TESTABILITY = YES;
				GCC_C_LANGUAGE_STANDARD = gnu99;
				GCC_DYNAMIC_NO_PIC = NO;
				GCC_NO_COMMON_BLOCKS = YES;
				GCC_OPTIMIZATION_LEVEL = 0;
				GCC_PREPROCESSOR_DEFINITIONS = (
					"DEBUG=1",
					"$(inherited)",
				);
				GCC_WARN_64_TO_32_BIT_CONVERSION = YES;
				GCC_WARN_ABOUT_RETURN_TYPE = YES_ERROR;
				GCC_WARN_UNDECLARED_SELECTOR = YES;
				GCC_WARN_UNINITIALIZED_AUTOS = YES_AGGRESSIVE;
				GCC_WARN_UNUSED_FUNCTION = YES;
				GCC_WARN_UNUSED_VARIABLE = YES;
				IPHONEOS_DEPLOYMENT_TARGET = 10.3;
				MTL_ENABLE_DEBUG_INFO = YES;
				ONLY_ACTIVE_ARCH = YES;
				SDKROOT = iphoneos;
				SWIFT_ACTIVE_COMPILATION_CONDITIONS = DEBUG;
				SWIFT_OPTIMIZATION_LEVEL = "-Onone";
			};
			name = Debug;
		};
		1643555C2105052E002BD77F /* Release */ = {
			isa = XCBuildConfiguration;
			buildSettings = {
				ALWAYS_SEARCH_USER_PATHS = NO;
				CLANG_ANALYZER_NONNULL = YES;
				CLANG_ANALYZER_NUMBER_OBJECT_CONVERSION = YES_AGGRESSIVE;
				CLANG_CXX_LANGUAGE_STANDARD = "gnu++0x";
				CLANG_CXX_LIBRARY = "libc++";
				CLANG_ENABLE_MODULES = YES;
				CLANG_ENABLE_OBJC_ARC = YES;
				CLANG_WARN_BOOL_CONVERSION = YES;
				CLANG_WARN_CONSTANT_CONVERSION = YES;
				CLANG_WARN_DIRECT_OBJC_ISA_USAGE = YES_ERROR;
				CLANG_WARN_DOCUMENTATION_COMMENTS = YES;
				CLANG_WARN_EMPTY_BODY = YES;
				CLANG_WARN_ENUM_CONVERSION = YES;
				CLANG_WARN_INFINITE_RECURSION = YES;
				CLANG_WARN_INT_CONVERSION = YES;
				CLANG_WARN_OBJC_ROOT_CLASS = YES_ERROR;
				CLANG_WARN_SUSPICIOUS_MOVE = YES;
				CLANG_WARN_UNREACHABLE_CODE = YES;
				CLANG_WARN__DUPLICATE_METHOD_MATCH = YES;
				"CODE_SIGN_IDENTITY[sdk=iphoneos*]" = "iPhone Developer";
				COPY_PHASE_STRIP = NO;
				DEBUG_INFORMATION_FORMAT = "dwarf-with-dsym";
				ENABLE_NS_ASSERTIONS = NO;
				ENABLE_STRICT_OBJC_MSGSEND = YES;
				GCC_C_LANGUAGE_STANDARD = gnu99;
				GCC_NO_COMMON_BLOCKS = YES;
				GCC_WARN_64_TO_32_BIT_CONVERSION = YES;
				GCC_WARN_ABOUT_RETURN_TYPE = YES_ERROR;
				GCC_WARN_UNDECLARED_SELECTOR = YES;
				GCC_WARN_UNINITIALIZED_AUTOS = YES_AGGRESSIVE;
				GCC_WARN_UNUSED_FUNCTION = YES;
				GCC_WARN_UNUSED_VARIABLE = YES;
				IPHONEOS_DEPLOYMENT_TARGET = 10.3;
				MTL_ENABLE_DEBUG_INFO = NO;
				SDKROOT = iphoneos;
				SWIFT_OPTIMIZATION_LEVEL = "-Owholemodule";
				VALIDATE_PRODUCT = YES;
			};
			name = Release;
		};
		1643555E2105052E002BD77F /* Debug */ = {
			isa = XCBuildConfiguration;
			buildSettings = {
				ASSETCATALOG_COMPILER_APPICON_NAME = AppIcon;
				INFOPLIST_FILE = "window-shopper/Info.plist";
				LD_RUNPATH_SEARCH_PATHS = "$(inherited) @executable_path/Frameworks";
				PRODUCT_BUNDLE_IDENTIFIER = "iti.window-shopper";
				PRODUCT_NAME = "$(TARGET_NAME)";
				SWIFT_VERSION = 3.0;
			};
			name = Debug;
		};
		1643555F2105052E002BD77F /* Release */ = {
			isa = XCBuildConfiguration;
			buildSettings = {
				ASSETCATALOG_COMPILER_APPICON_NAME = AppIcon;
				INFOPLIST_FILE = "window-shopper/Info.plist";
				LD_RUNPATH_SEARCH_PATHS = "$(inherited) @executable_path/Frameworks";
				PRODUCT_BUNDLE_IDENTIFIER = "iti.window-shopper";
				PRODUCT_NAME = "$(TARGET_NAME)";
				SWIFT_VERSION = 3.0;
			};
			name = Release;
		};
/* End XCBuildConfiguration section */

/* Begin XCConfigurationList section */
		1603714321052C6800393AD9 /* Build configuration list for PBXNativeTarget "window-shopperTests" */ = {
			isa = XCConfigurationList;
			buildConfigurations = (
				1603714121052C6800393AD9 /* Debug */,
				1603714221052C6800393AD9 /* Release */,
			);
			defaultConfigurationIsVisible = 0;
		};
		164355462105052E002BD77F /* Build configuration list for PBXProject "window-shopper" */ = {
			isa = XCConfigurationList;
			buildConfigurations = (
				1643555B2105052E002BD77F /* Debug */,
				1643555C2105052E002BD77F /* Release */,
			);
			defaultConfigurationIsVisible = 0;
			defaultConfigurationName = Release;
		};
		1643555D2105052E002BD77F /* Build configuration list for PBXNativeTarget "window-shopper" */ = {
			isa = XCConfigurationList;
			buildConfigurations = (
				1643555E2105052E002BD77F /* Debug */,
				1643555F2105052E002BD77F /* Release */,
			);
			defaultConfigurationIsVisible = 0;
			defaultConfigurationName = Release;
		};
/* End XCConfigurationList section */
	};
	rootObject = 164355432105052E002BD77F /* Project object */;
}
