// !$*UTF8*$!
{
	archiveVersion = 1;
	classes = {
	};
	objectVersion = 46;
	objects = {

/* Begin PBXBuildFile section */
		1653ED1B20586CAE0034637F /* AppDelegate.swift in Sources */ = {isa = PBXBuildFile; fileRef = 1653ED1A20586CAE0034637F /* AppDelegate.swift */; };
		1653ED1D20586CAE0034637F /* ViewController.swift in Sources */ = {isa = PBXBuildFile; fileRef = 1653ED1C20586CAE0034637F /* ViewController.swift */; };
		1653ED2020586CAE0034637F /* Main.storyboard in Resources */ = {isa = PBXBuildFile; fileRef = 1653ED1E20586CAE0034637F /* Main.storyboard */; };
		1653ED2220586CAE0034637F /* Assets.xcassets in Resources */ = {isa = PBXBuildFile; fileRef = 1653ED2120586CAE0034637F /* Assets.xcassets */; };
		1653ED2520586CAE0034637F /* LaunchScreen.storyboard in Resources */ = {isa = PBXBuildFile; fileRef = 1653ED2320586CAE0034637F /* LaunchScreen.storyboard */; };
/* End PBXBuildFile section */

/* Begin PBXFileReference section */
		1653ED1720586CAE0034637F /* XOgame.app */ = {isa = PBXFileReference; explicitFileType = wrapper.application; includeInIndex = 0; path = XOgame.app; sourceTree = BUILT_PRODUCTS_DIR; };
		1653ED1A20586CAE0034637F /* AppDelegate.swift */ = {isa = PBXFileReference; lastKnownFileType = sourcecode.swift; path = AppDelegate.swift; sourceTree = "<group>"; };
		1653ED1C20586CAE0034637F /* ViewController.swift */ = {isa = PBXFileReference; lastKnownFileType = sourcecode.swift; path = ViewController.swift; sourceTree = "<group>"; };
		1653ED1F20586CAE0034637F /* Base */ = {isa = PBXFileReference; lastKnownFileType = file.storyboard; name = Base; path = Base.lproj/Main.storyboard; sourceTree = "<group>"; };
		1653ED2120586CAE0034637F /* Assets.xcassets */ = {isa = PBXFileReference; lastKnownFileType = folder.assetcatalog; path = Assets.xcassets; sourceTree = "<group>"; };
		1653ED2420586CAE0034637F /* Base */ = {isa = PBXFileReference; lastKnownFileType = file.storyboard; name = Base; path = Base.lproj/LaunchScreen.storyboard; sourceTree = "<group>"; };
		1653ED2620586CAE0034637F /* Info.plist */ = {isa = PBXFileReference; lastKnownFileType = text.plist.xml; path = Info.plist; sourceTree = "<group>"; };
/* End PBXFileReference section */

/* Begin PBXFrameworksBuildPhase section */
		1653ED1420586CAE0034637F /* Frameworks */ = {
			isa = PBXFrameworksBuildPhase;
			buildActionMask = 2147483647;
			files = (
			);
			runOnlyForDeploymentPostprocessing = 0;
		};
/* End PBXFrameworksBuildPhase section */

/* Begin PBXGroup section */
		1653ED0E20586CAE0034637F = {
			isa = PBXGroup;
			children = (
				1653ED1920586CAE0034637F /* XOgame */,
				1653ED1820586CAE0034637F /* Products */,
			);
			sourceTree = "<group>";
		};
		1653ED1820586CAE0034637F /* Products */ = {
			isa = PBXGroup;
			children = (
				1653ED1720586CAE0034637F /* XOgame.app */,
			);
			name = Products;
			sourceTree = "<group>";
		};
		1653ED1920586CAE0034637F /* XOgame */ = {
			isa = PBXGroup;
			children = (
				1653ED1A20586CAE0034637F /* AppDelegate.swift */,
				1653ED1C20586CAE0034637F /* ViewController.swift */,
				1653ED1E20586CAE0034637F /* Main.storyboard */,
				1653ED2120586CAE0034637F /* Assets.xcassets */,
				1653ED2320586CAE0034637F /* LaunchScreen.storyboard */,
				1653ED2620586CAE0034637F /* Info.plist */,
			);
			path = XOgame;
			sourceTree = "<group>";
		};
/* End PBXGroup section */

/* Begin PBXNativeTarget section */
		1653ED1620586CAE0034637F /* XOgame */ = {
			isa = PBXNativeTarget;
			buildConfigurationList = 1653ED2920586CAE0034637F /* Build configuration list for PBXNativeTarget "XOgame" */;
			buildPhases = (
				1653ED1320586CAE0034637F /* Sources */,
				1653ED1420586CAE0034637F /* Frameworks */,
				1653ED1520586CAE0034637F /* Resources */,
			);
			buildRules = (
			);
			dependencies = (
			);
			name = XOgame;
			productName = XOgame;
			productReference = 1653ED1720586CAE0034637F /* XOgame.app */;
			productType = "com.apple.product-type.application";
		};
/* End PBXNativeTarget section */

/* Begin PBXProject section */
		1653ED0F20586CAE0034637F /* Project object */ = {
			isa = PBXProject;
			attributes = {
				LastSwiftUpdateCheck = 0830;
				LastUpgradeCheck = 0830;
				ORGANIZATIONNAME = "Sayed Abdo";
				TargetAttributes = {
					1653ED1620586CAE0034637F = {
						CreatedOnToolsVersion = 8.3.3;
						ProvisioningStyle = Automatic;
					};
				};
			};
			buildConfigurationList = 1653ED1220586CAE0034637F /* Build configuration list for PBXProject "XOgame" */;
			compatibilityVersion = "Xcode 3.2";
			developmentRegion = English;
			hasScannedForEncodings = 0;
			knownRegions = (
				en,
				Base,
			);
			mainGroup = 1653ED0E20586CAE0034637F;
			productRefGroup = 1653ED1820586CAE0034637F /* Products */;
			projectDirPath = "";
			projectRoot = "";
			targets = (
				1653ED1620586CAE0034637F /* XOgame */,
			);
		};
/* End PBXProject section */

/* Begin PBXResourcesBuildPhase section */
		1653ED1520586CAE0034637F /* Resources */ = {
			isa = PBXResourcesBuildPhase;
			buildActionMask = 2147483647;
			files = (
				1653ED2520586CAE0034637F /* LaunchScreen.storyboard in Resources */,
				1653ED2220586CAE0034637F /* Assets.xcassets in Resources */,
				1653ED2020586CAE0034637F /* Main.storyboard in Resources */,
			);
			runOnlyForDeploymentPostprocessing = 0;
		};
/* End PBXResourcesBuildPhase section */

/* Begin PBXSourcesBuildPhase section */
		1653ED1320586CAE0034637F /* Sources */ = {
			isa = PBXSourcesBuildPhase;
			buildActionMask = 2147483647;
			files = (
				1653ED1D20586CAE0034637F /* ViewController.swift in Sources */,
				1653ED1B20586CAE0034637F /* AppDelegate.swift in Sources */,
			);
			runOnlyForDeploymentPostprocessing = 0;
		};
/* End PBXSourcesBuildPhase section */

/* Begin PBXVariantGroup section */
		1653ED1E20586CAE0034637F /* Main.storyboard */ = {
			isa = PBXVariantGroup;
			children = (
				1653ED1F20586CAE0034637F /* Base */,
			);
			name = Main.storyboard;
			sourceTree = "<group>";
		};
		1653ED2320586CAE0034637F /* LaunchScreen.storyboard */ = {
			isa = PBXVariantGroup;
			children = (
				1653ED2420586CAE0034637F /* Base */,
			);
			name = LaunchScreen.storyboard;
			sourceTree = "<group>";
		};
/* End PBXVariantGroup section */

/* Begin XCBuildConfiguration section */
		1653ED2720586CAE0034637F /* Debug */ = {
			isa = XCBuildConfiguration;
			buildSettings = {
				ALWAYS_SEARCH_USER_PATHS = NO;
				CLANG_ANALYZER_NONNULL = YES;
				CLANG_ANALYZER_NUMBER_OBJECT_CONVERSION = YES_AGGRESSIVE;
				CLANG_CXX_LANGUAGE_STANDARD = "gnu++0x";
				CLANG_CXX_LIBRARY = "libc++";
				CLANG_ENABLE_MODULES = YES;
				CLANG_ENABLE_OBJC_ARC = YES;
				CLANG_WARN_BOOL_CONVERSION = YES;
				CLANG_WARN_CONSTANT_CONVERSION = YES;
				CLANG_WARN_DIRECT_OBJC_ISA_USAGE = YES_ERROR;
				CLANG_WARN_DOCUMENTATION_COMMENTS = YES;
				CLANG_WARN_EMPTY_BODY = YES;
				CLANG_WARN_ENUM_CONVERSION = YES;
				CLANG_WARN_INFINITE_RECURSION = YES;
				CLANG_WARN_INT_CONVERSION = YES;
				CLANG_WARN_OBJC_ROOT_CLASS = YES_ERROR;
				CLANG_WARN_SUSPICIOUS_MOVE = YES;
				CLANG_WARN_UNREACHABLE_CODE = YES;
				CLANG_WARN__DUPLICATE_METHOD_MATCH = YES;
				"CODE_SIGN_IDENTITY[sdk=iphoneos*]" = "iPhone Developer";
				COPY_PHASE_STRIP = NO;
				DEBUG_INFORMATION_FORMAT = dwarf;
				ENABLE_STRICT_OBJC_MSGSEND = YES;
				ENABLE_TESTABILITY = YES;
				GCC_C_LANGUAGE_STANDARD = gnu99;
				GCC_DYNAMIC_NO_PIC = NO;
				GCC_NO_COMMON_BLOCKS = YES;
				GCC_OPTIMIZATION_LEVEL = 0;
				GCC_PREPROCESSOR_DEFINITIONS = (
					"DEBUG=1",
					"$(inherited)",
				);
				GCC_WARN_64_TO_32_BIT_CONVERSION = YES;
				GCC_WARN_ABOUT_RETURN_TYPE = YES_ERROR;
				GCC_WARN_UNDECLARED_SELECTOR = YES;
				GCC_WARN_UNINITIALIZED_AUTOS = YES_AGGRESSIVE;
				GCC_WARN_UNUSED_FUNCTION = YES;
				GCC_WARN_UNUSED_VARIABLE = YES;
				IPHONEOS_DEPLOYMENT_TARGET = 10.3;
				MTL_ENABLE_DEBUG_INFO = YES;
				ONLY_ACTIVE_ARCH = YES;
				SDKROOT = iphoneos;
				SWIFT_ACTIVE_COMPILATION_CONDITIONS = DEBUG;
				SWIFT_OPTIMIZATION_LEVEL = "-Onone";
			};
			name = Debug;
		};
		1653ED2820586CAE0034637F /* Release */ = {
			isa = XCBuildConfiguration;
			buildSettings = {
				ALWAYS_SEARCH_USER_PATHS = NO;
				CLANG_ANALYZER_NONNULL = YES;
				CLANG_ANALYZER_NUMBER_OBJECT_CONVERSION = YES_AGGRESSIVE;
				CLANG_CXX_LANGUAGE_STANDARD = "gnu++0x";
				CLANG_CXX_LIBRARY = "libc++";
				CLANG_ENABLE_MODULES = YES;
				CLANG_ENABLE_OBJC_ARC = YES;
				CLANG_WARN_BOOL_CONVERSION = YES;
				CLANG_WARN_CONSTANT_CONVERSION = YES;
				CLANG_WARN_DIRECT_OBJC_ISA_USAGE = YES_ERROR;
				CLANG_WARN_DOCUMENTATION_COMMENTS = YES;
				CLANG_WARN_EMPTY_BODY = YES;
				CLANG_WARN_ENUM_CONVERSION = YES;
				CLANG_WARN_INFINITE_RECURSION = YES;
				CLANG_WARN_INT_CONVERSION = YES;
				CLANG_WARN_OBJC_ROOT_CLASS = YES_ERROR;
				CLANG_WARN_SUSPICIOUS_MOVE = YES;
				CLANG_WARN_UNREACHABLE_CODE = YES;
				CLANG_WARN__DUPLICATE_METHOD_MATCH = YES;
				"CODE_SIGN_IDENTITY[sdk=iphoneos*]" = "iPhone Developer";
				COPY_PHASE_STRIP = NO;
				DEBUG_INFORMATION_FORMAT = "dwarf-with-dsym";
				ENABLE_NS_ASSERTIONS = NO;
				ENABLE_STRICT_OBJC_MSGSEND = YES;
				GCC_C_LANGUAGE_STANDARD = gnu99;
				GCC_NO_COMMON_BLOCKS = YES;
				GCC_WARN_64_TO_32_BIT_CONVERSION = YES;
				GCC_WARN_ABOUT_RETURN_TYPE = YES_ERROR;
				GCC_WARN_UNDECLARED_SELECTOR = YES;
				GCC_WARN_UNINITIALIZED_AUTOS = YES_AGGRESSIVE;
				GCC_WARN_UNUSED_FUNCTION = YES;
				GCC_WARN_UNUSED_VARIABLE = YES;
				IPHONEOS_DEPLOYMENT_TARGET = 10.3;
				MTL_ENABLE_DEBUG_INFO = NO;
				SDKROOT = iphoneos;
				SWIFT_OPTIMIZATION_LEVEL = "-Owholemodule";
				VALIDATE_PRODUCT = YES;
			};
			name = Release;
		};
		1653ED2A20586CAE0034637F /* Debug */ = {
			isa = XCBuildConfiguration;
			buildSettings = {
				ASSETCATALOG_COMPILER_APPICON_NAME = AppIcon;
				INFOPLIST_FILE = XOgame/Info.plist;
				LD_RUNPATH_SEARCH_PATHS = "$(inherited) @executable_path/Frameworks";
				PRODUCT_BUNDLE_IDENTIFIER = iti.XOgame;
				PRODUCT_NAME = "$(TARGET_NAME)";
				SWIFT_VERSION = 3.0;
			};
			name = Debug;
		};
		1653ED2B20586CAE0034637F /* Release */ = {
			isa = XCBuildConfiguration;
			buildSettings = {
				ASSETCATALOG_COMPILER_APPICON_NAME = AppIcon;
				INFOPLIST_FILE = XOgame/Info.plist;
				LD_RUNPATH_SEARCH_PATHS = "$(inherited) @executable_path/Frameworks";
				PRODUCT_BUNDLE_IDENTIFIER = iti.XOgame;
				PRODUCT_NAME = "$(TARGET_NAME)";
				SWIFT_VERSION = 3.0;
			};
			name = Release;
		};
/* End XCBuildConfiguration section */

/* Begin XCConfigurationList section */
		1653ED1220586CAE0034637F /* Build configuration list for PBXProject "XOgame" */ = {
			isa = XCConfigurationList;
			buildConfigurations = (
				1653ED2720586CAE0034637F /* Debug */,
				1653ED2820586CAE0034637F /* Release */,
			);
			defaultConfigurationIsVisible = 0;
			defaultConfigurationName = Release;
		};
		1653ED2920586CAE0034637F /* Build configuration list for PBXNativeTarget "XOgame" */ = {
			isa = XCConfigurationList;
			buildConfigurations = (
				1653ED2A20586CAE0034637F /* Debug */,
				1653ED2B20586CAE0034637F /* Release */,
			);
			defaultConfigurationIsVisible = 0;
		};
/* End XCConfigurationList section */
	};
	rootObject = 1653ED0F20586CAE0034637F /* Project object */;
}
